// !$*UTF8*$!
{
	archiveVersion = 1;
	classes = {
	};
	objectVersion = 50;
	objects = {

/* Begin PBXBuildFile section */
		ACD2EE0520F5AFA40051E931 /* AppDelegate.swift in Sources */ = {isa = PBXBuildFile; fileRef = ACD2EE0420F5AFA40051E931 /* AppDelegate.swift */; };
		ACD2EE0720F5AFA40051E931 /* HomeViewController.swift in Sources */ = {isa = PBXBuildFile; fileRef = ACD2EE0620F5AFA40051E931 /* HomeViewController.swift */; };
		ACD2EE0A20F5AFA40051E931 /* Main.storyboard in Resources */ = {isa = PBXBuildFile; fileRef = ACD2EE0820F5AFA40051E931 /* Main.storyboard */; };
		ACD2EE0C20F5AFA60051E931 /* Assets.xcassets in Resources */ = {isa = PBXBuildFile; fileRef = ACD2EE0B20F5AFA60051E931 /* Assets.xcassets */; };
		ACD2EE0F20F5AFA60051E931 /* LaunchScreen.storyboard in Resources */ = {isa = PBXBuildFile; fileRef = ACD2EE0D20F5AFA60051E931 /* LaunchScreen.storyboard */; };
		ACD2EE1A20F5AFA60051E931 /* certprepTests.swift in Sources */ = {isa = PBXBuildFile; fileRef = ACD2EE1920F5AFA60051E931 /* certprepTests.swift */; };
		ACD2EE2520F5BC3F0051E931 /* topicCell.swift in Sources */ = {isa = PBXBuildFile; fileRef = ACD2EE2420F5BC3F0051E931 /* topicCell.swift */; };
		ACD2EE2820F5BED40051E931 /* UIViewExt.swift in Sources */ = {isa = PBXBuildFile; fileRef = ACD2EE2720F5BED40051E931 /* UIViewExt.swift */; };
		ACD2EE2A20F5BF5E0051E931 /* UIImageViewExt.swift in Sources */ = {isa = PBXBuildFile; fileRef = ACD2EE2920F5BF5E0051E931 /* UIImageViewExt.swift */; };
		ACD2EE2D20F5C1700051E931 /* MainCategoryFlowLayout.swift in Sources */ = {isa = PBXBuildFile; fileRef = ACD2EE2C20F5C1700051E931 /* MainCategoryFlowLayout.swift */; };
		ACD2EE2F20F5C2C80051E931 /* DesignableCustomView.swift in Sources */ = {isa = PBXBuildFile; fileRef = ACD2EE2E20F5C2C80051E931 /* DesignableCustomView.swift */; };
		ACD2EE3120F5C4600051E931 /* GradiantView.swift in Sources */ = {isa = PBXBuildFile; fileRef = ACD2EE3020F5C4600051E931 /* GradiantView.swift */; };
/* End PBXBuildFile section */

/* Begin PBXContainerItemProxy section */
		ACD2EE1620F5AFA60051E931 /* PBXContainerItemProxy */ = {
			isa = PBXContainerItemProxy;
			containerPortal = ACD2EDF920F5AFA40051E931 /* Project object */;
			proxyType = 1;
			remoteGlobalIDString = ACD2EE0020F5AFA40051E931;
			remoteInfo = certprep;
		};
/* End PBXContainerItemProxy section */

/* Begin PBXFileReference section */
		ACD2EE0120F5AFA40051E931 /* certprep.app */ = {isa = PBXFileReference; explicitFileType = wrapper.application; includeInIndex = 0; path = certprep.app; sourceTree = BUILT_PRODUCTS_DIR; };
		ACD2EE0420F5AFA40051E931 /* AppDelegate.swift */ = {isa = PBXFileReference; lastKnownFileType = sourcecode.swift; path = AppDelegate.swift; sourceTree = "<group>"; };
		ACD2EE0620F5AFA40051E931 /* HomeViewController.swift */ = {isa = PBXFileReference; lastKnownFileType = sourcecode.swift; path = HomeViewController.swift; sourceTree = "<group>"; };
		ACD2EE0920F5AFA40051E931 /* Base */ = {isa = PBXFileReference; lastKnownFileType = file.storyboard; name = Base; path = Base.lproj/Main.storyboard; sourceTree = "<group>"; };
		ACD2EE0B20F5AFA60051E931 /* Assets.xcassets */ = {isa = PBXFileReference; lastKnownFileType = folder.assetcatalog; path = Assets.xcassets; sourceTree = "<group>"; };
		ACD2EE0E20F5AFA60051E931 /* Base */ = {isa = PBXFileReference; lastKnownFileType = file.storyboard; name = Base; path = Base.lproj/LaunchScreen.storyboard; sourceTree = "<group>"; };
		ACD2EE1020F5AFA60051E931 /* Info.plist */ = {isa = PBXFileReference; lastKnownFileType = text.plist.xml; path = Info.plist; sourceTree = "<group>"; };
		ACD2EE1520F5AFA60051E931 /* certprepTests.xctest */ = {isa = PBXFileReference; explicitFileType = wrapper.cfbundle; includeInIndex = 0; path = certprepTests.xctest; sourceTree = BUILT_PRODUCTS_DIR; };
		ACD2EE1920F5AFA60051E931 /* certprepTests.swift */ = {isa = PBXFileReference; lastKnownFileType = sourcecode.swift; path = certprepTests.swift; sourceTree = "<group>"; };
		ACD2EE1B20F5AFA60051E931 /* Info.plist */ = {isa = PBXFileReference; lastKnownFileType = text.plist.xml; path = Info.plist; sourceTree = "<group>"; };
		ACD2EE2420F5BC3F0051E931 /* topicCell.swift */ = {isa = PBXFileReference; lastKnownFileType = sourcecode.swift; path = topicCell.swift; sourceTree = "<group>"; };
		ACD2EE2720F5BED40051E931 /* UIViewExt.swift */ = {isa = PBXFileReference; lastKnownFileType = sourcecode.swift; path = UIViewExt.swift; sourceTree = "<group>"; };
		ACD2EE2920F5BF5E0051E931 /* UIImageViewExt.swift */ = {isa = PBXFileReference; lastKnownFileType = sourcecode.swift; path = UIImageViewExt.swift; sourceTree = "<group>"; };
		ACD2EE2C20F5C1700051E931 /* MainCategoryFlowLayout.swift */ = {isa = PBXFileReference; lastKnownFileType = sourcecode.swift; path = MainCategoryFlowLayout.swift; sourceTree = "<group>"; };
		ACD2EE2E20F5C2C80051E931 /* DesignableCustomView.swift */ = {isa = PBXFileReference; lastKnownFileType = sourcecode.swift; path = DesignableCustomView.swift; sourceTree = "<group>"; };
		ACD2EE3020F5C4600051E931 /* GradiantView.swift */ = {isa = PBXFileReference; lastKnownFileType = sourcecode.swift; path = GradiantView.swift; sourceTree = "<group>"; };
/* End PBXFileReference section */

/* Begin PBXFrameworksBuildPhase section */
		ACD2EDFE20F5AFA40051E931 /* Frameworks */ = {
			isa = PBXFrameworksBuildPhase;
			buildActionMask = 2147483647;
			files = (
			);
			runOnlyForDeploymentPostprocessing = 0;
		};
		ACD2EE1220F5AFA60051E931 /* Frameworks */ = {
			isa = PBXFrameworksBuildPhase;
			buildActionMask = 2147483647;
			files = (
			);
			runOnlyForDeploymentPostprocessing = 0;
		};
/* End PBXFrameworksBuildPhase section */

/* Begin PBXGroup section */
		ACD2EDF820F5AFA40051E931 = {
			isa = PBXGroup;
			children = (
				ACD2EE0320F5AFA40051E931 /* certprep */,
				ACD2EE1820F5AFA60051E931 /* certprepTests */,
				ACD2EE0220F5AFA40051E931 /* Products */,
			);
			sourceTree = "<group>";
		};
		ACD2EE0220F5AFA40051E931 /* Products */ = {
			isa = PBXGroup;
			children = (
				ACD2EE0120F5AFA40051E931 /* certprep.app */,
				ACD2EE1520F5AFA60051E931 /* certprepTests.xctest */,
			);
			name = Products;
			sourceTree = "<group>";
		};
		ACD2EE0320F5AFA40051E931 /* certprep */ = {
			isa = PBXGroup;
			children = (
				ACD2EE2B20F5C15E0051E931 /* CustomViews-Layouts */,
				ACD2EE2620F5BEB80051E931 /* Extensions */,
				ACD2EE0420F5AFA40051E931 /* AppDelegate.swift */,
				ACD2EE0620F5AFA40051E931 /* HomeViewController.swift */,
				ACD2EE0820F5AFA40051E931 /* Main.storyboard */,
				ACD2EE0B20F5AFA60051E931 /* Assets.xcassets */,
				ACD2EE0D20F5AFA60051E931 /* LaunchScreen.storyboard */,
				ACD2EE1020F5AFA60051E931 /* Info.plist */,
				ACD2EE2420F5BC3F0051E931 /* topicCell.swift */,
			);
			path = certprep;
			sourceTree = "<group>";
		};
		ACD2EE1820F5AFA60051E931 /* certprepTests */ = {
			isa = PBXGroup;
			children = (
				ACD2EE1920F5AFA60051E931 /* certprepTests.swift */,
				ACD2EE1B20F5AFA60051E931 /* Info.plist */,
			);
			path = certprepTests;
			sourceTree = "<group>";
		};
		ACD2EE2620F5BEB80051E931 /* Extensions */ = {
			isa = PBXGroup;
			children = (
				ACD2EE2720F5BED40051E931 /* UIViewExt.swift */,
				ACD2EE2920F5BF5E0051E931 /* UIImageViewExt.swift */,
			);
			path = Extensions;
			sourceTree = "<group>";
		};
		ACD2EE2B20F5C15E0051E931 /* CustomViews-Layouts */ = {
			isa = PBXGroup;
			children = (
				ACD2EE2C20F5C1700051E931 /* MainCategoryFlowLayout.swift */,
				ACD2EE2E20F5C2C80051E931 /* DesignableCustomView.swift */,
				ACD2EE3020F5C4600051E931 /* GradiantView.swift */,
			);
			path = "CustomViews-Layouts";
			sourceTree = "<group>";
		};
/* End PBXGroup section */

/* Begin PBXNativeTarget section */
		ACD2EE0020F5AFA40051E931 /* certprep */ = {
			isa = PBXNativeTarget;
			buildConfigurationList = ACD2EE1E20F5AFA60051E931 /* Build configuration list for PBXNativeTarget "certprep" */;
			buildPhases = (
				ACD2EDFD20F5AFA40051E931 /* Sources */,
				ACD2EDFE20F5AFA40051E931 /* Frameworks */,
				ACD2EDFF20F5AFA40051E931 /* Resources */,
			);
			buildRules = (
			);
			dependencies = (
			);
			name = certprep;
			productName = certprep;
			productReference = ACD2EE0120F5AFA40051E931 /* certprep.app */;
			productType = "com.apple.product-type.application";
		};
		ACD2EE1420F5AFA60051E931 /* certprepTests */ = {
			isa = PBXNativeTarget;
			buildConfigurationList = ACD2EE2120F5AFA60051E931 /* Build configuration list for PBXNativeTarget "certprepTests" */;
			buildPhases = (
				ACD2EE1120F5AFA60051E931 /* Sources */,
				ACD2EE1220F5AFA60051E931 /* Frameworks */,
				ACD2EE1320F5AFA60051E931 /* Resources */,
			);
			buildRules = (
			);
			dependencies = (
				ACD2EE1720F5AFA60051E931 /* PBXTargetDependency */,
			);
			name = certprepTests;
			productName = certprepTests;
			productReference = ACD2EE1520F5AFA60051E931 /* certprepTests.xctest */;
			productType = "com.apple.product-type.bundle.unit-test";
		};
/* End PBXNativeTarget section */

/* Begin PBXProject section */
		ACD2EDF920F5AFA40051E931 /* Project object */ = {
			isa = PBXProject;
			attributes = {
				LastSwiftUpdateCheck = 1000;
				LastUpgradeCheck = 1000;
				ORGANIZATIONNAME = "Alisher Abdukarimov";
				TargetAttributes = {
					ACD2EE0020F5AFA40051E931 = {
						CreatedOnToolsVersion = 10.0;
					};
					ACD2EE1420F5AFA60051E931 = {
						CreatedOnToolsVersion = 10.0;
						TestTargetID = ACD2EE0020F5AFA40051E931;
					};
				};
			};
			buildConfigurationList = ACD2EDFC20F5AFA40051E931 /* Build configuration list for PBXProject "certprep" */;
			compatibilityVersion = "Xcode 9.3";
			developmentRegion = en;
			hasScannedForEncodings = 0;
			knownRegions = (
				en,
				Base,
			);
			mainGroup = ACD2EDF820F5AFA40051E931;
			productRefGroup = ACD2EE0220F5AFA40051E931 /* Products */;
			projectDirPath = "";
			projectRoot = "";
			targets = (
				ACD2EE0020F5AFA40051E931 /* certprep */,
				ACD2EE1420F5AFA60051E931 /* certprepTests */,
			);
		};
/* End PBXProject section */

/* Begin PBXResourcesBuildPhase section */
		ACD2EDFF20F5AFA40051E931 /* Resources */ = {
			isa = PBXResourcesBuildPhase;
			buildActionMask = 2147483647;
			files = (
				ACD2EE0F20F5AFA60051E931 /* LaunchScreen.storyboard in Resources */,
				ACD2EE0C20F5AFA60051E931 /* Assets.xcassets in Resources */,
				ACD2EE0A20F5AFA40051E931 /* Main.storyboard in Resources */,
			);
			runOnlyForDeploymentPostprocessing = 0;
		};
		ACD2EE1320F5AFA60051E931 /* Resources */ = {
			isa = PBXResourcesBuildPhase;
			buildActionMask = 2147483647;
			files = (
			);
			runOnlyForDeploymentPostprocessing = 0;
		};
/* End PBXResourcesBuildPhase section */

/* Begin PBXSourcesBuildPhase section */
		ACD2EDFD20F5AFA40051E931 /* Sources */ = {
			isa = PBXSourcesBuildPhase;
			buildActionMask = 2147483647;
			files = (
				ACD2EE2A20F5BF5E0051E931 /* UIImageViewExt.swift in Sources */,
				ACD2EE2820F5BED40051E931 /* UIViewExt.swift in Sources */,
				ACD2EE3120F5C4600051E931 /* GradiantView.swift in Sources */,
				ACD2EE0720F5AFA40051E931 /* HomeViewController.swift in Sources */,
				ACD2EE2F20F5C2C80051E931 /* DesignableCustomView.swift in Sources */,
				ACD2EE2520F5BC3F0051E931 /* topicCell.swift in Sources */,
				ACD2EE2D20F5C1700051E931 /* MainCategoryFlowLayout.swift in Sources */,
				ACD2EE0520F5AFA40051E931 /* AppDelegate.swift in Sources */,
			);
			runOnlyForDeploymentPostprocessing = 0;
		};
		ACD2EE1120F5AFA60051E931 /* Sources */ = {
			isa = PBXSourcesBuildPhase;
			buildActionMask = 2147483647;
			files = (
				ACD2EE1A20F5AFA60051E931 /* certprepTests.swift in Sources */,
			);
			runOnlyForDeploymentPostprocessing = 0;
		};
/* End PBXSourcesBuildPhase section */

/* Begin PBXTargetDependency section */
		ACD2EE1720F5AFA60051E931 /* PBXTargetDependency */ = {
			isa = PBXTargetDependency;
			target = ACD2EE0020F5AFA40051E931 /* certprep */;
			targetProxy = ACD2EE1620F5AFA60051E931 /* PBXContainerItemProxy */;
		};
/* End PBXTargetDependency section */

/* Begin PBXVariantGroup section */
		ACD2EE0820F5AFA40051E931 /* Main.storyboard */ = {
			isa = PBXVariantGroup;
			children = (
				ACD2EE0920F5AFA40051E931 /* Base */,
			);
			name = Main.storyboard;
			sourceTree = "<group>";
		};
		ACD2EE0D20F5AFA60051E931 /* LaunchScreen.storyboard */ = {
			isa = PBXVariantGroup;
			children = (
				ACD2EE0E20F5AFA60051E931 /* Base */,
			);
			name = LaunchScreen.storyboard;
			sourceTree = "<group>";
		};
/* End PBXVariantGroup section */

/* Begin XCBuildConfiguration section */
		ACD2EE1C20F5AFA60051E931 /* Debug */ = {
			isa = XCBuildConfiguration;
			buildSettings = {
				ALWAYS_SEARCH_USER_PATHS = NO;
				CLANG_ANALYZER_NONNULL = YES;
				CLANG_ANALYZER_NUMBER_OBJECT_CONVERSION = YES_AGGRESSIVE;
				CLANG_CXX_LANGUAGE_STANDARD = "gnu++14";
				CLANG_CXX_LIBRARY = "libc++";
				CLANG_ENABLE_MODULES = YES;
				CLANG_ENABLE_OBJC_ARC = YES;
				CLANG_ENABLE_OBJC_WEAK = YES;
				CLANG_WARN_BLOCK_CAPTURE_AUTORELEASING = YES;
				CLANG_WARN_BOOL_CONVERSION = YES;
				CLANG_WARN_COMMA = YES;
				CLANG_WARN_CONSTANT_CONVERSION = YES;
				CLANG_WARN_DEPRECATED_OBJC_IMPLEMENTATIONS = YES;
				CLANG_WARN_DIRECT_OBJC_ISA_USAGE = YES_ERROR;
				CLANG_WARN_DOCUMENTATION_COMMENTS = YES;
				CLANG_WARN_EMPTY_BODY = YES;
				CLANG_WARN_ENUM_CONVERSION = YES;
				CLANG_WARN_INFINITE_RECURSION = YES;
				CLANG_WARN_INT_CONVERSION = YES;
				CLANG_WARN_NON_LITERAL_NULL_CONVERSION = YES;
				CLANG_WARN_OBJC_IMPLICIT_RETAIN_SELF = YES;
				CLANG_WARN_OBJC_LITERAL_CONVERSION = YES;
				CLANG_WARN_OBJC_ROOT_CLASS = YES_ERROR;
				CLANG_WARN_RANGE_LOOP_ANALYSIS = YES;
				CLANG_WARN_STRICT_PROTOTYPES = YES;
				CLANG_WARN_SUSPICIOUS_MOVE = YES;
				CLANG_WARN_UNGUARDED_AVAILABILITY = YES_AGGRESSIVE;
				CLANG_WARN_UNREACHABLE_CODE = YES;
				CLANG_WARN__DUPLICATE_METHOD_MATCH = YES;
				CODE_SIGN_IDENTITY = "iPhone Developer";
				COPY_PHASE_STRIP = NO;
				DEBUG_INFORMATION_FORMAT = dwarf;
				ENABLE_STRICT_OBJC_MSGSEND = YES;
				ENABLE_TESTABILITY = YES;
				GCC_C_LANGUAGE_STANDARD = gnu11;
				GCC_DYNAMIC_NO_PIC = NO;
				GCC_NO_COMMON_BLOCKS = YES;
				GCC_OPTIMIZATION_LEVEL = 0;
				GCC_PREPROCESSOR_DEFINITIONS = (
					"DEBUG=1",
					"$(inherited)",
				);
				GCC_WARN_64_TO_32_BIT_CONVERSION = YES;
				GCC_WARN_ABOUT_RETURN_TYPE = YES_ERROR;
				GCC_WARN_UNDECLARED_SELECTOR = YES;
				GCC_WARN_UNINITIALIZED_AUTOS = YES_AGGRESSIVE;
				GCC_WARN_UNUSED_FUNCTION = YES;
				GCC_WARN_UNUSED_VARIABLE = YES;
				IPHONEOS_DEPLOYMENT_TARGET = 12.0;
				MTL_ENABLE_DEBUG_INFO = INCLUDE_SOURCE;
				ONLY_ACTIVE_ARCH = YES;
				SDKROOT = iphoneos;
				SWIFT_ACTIVE_COMPILATION_CONDITIONS = DEBUG;
				SWIFT_OPTIMIZATION_LEVEL = "-Onone";
			};
			name = Debug;
		};
		ACD2EE1D20F5AFA60051E931 /* Release */ = {
			isa = XCBuildConfiguration;
			buildSettings = {
				ALWAYS_SEARCH_USER_PATHS = NO;
				CLANG_ANALYZER_NONNULL = YES;
				CLANG_ANALYZER_NUMBER_OBJECT_CONVERSION = YES_AGGRESSIVE;
				CLANG_CXX_LANGUAGE_STANDARD = "gnu++14";
				CLANG_CXX_LIBRARY = "libc++";
				CLANG_ENABLE_MODULES = YES;
				CLANG_ENABLE_OBJC_ARC = YES;
				CLANG_ENABLE_OBJC_WEAK = YES;
				CLANG_WARN_BLOCK_CAPTURE_AUTORELEASING = YES;
				CLANG_WARN_BOOL_CONVERSION = YES;
				CLANG_WARN_COMMA = YES;
				CLANG_WARN_CONSTANT_CONVERSION = YES;
				CLANG_WARN_DEPRECATED_OBJC_IMPLEMENTATIONS = YES;
				CLANG_WARN_DIRECT_OBJC_ISA_USAGE = YES_ERROR;
				CLANG_WARN_DOCUMENTATION_COMMENTS = YES;
				CLANG_WARN_EMPTY_BODY = YES;
				CLANG_WARN_ENUM_CONVERSION = YES;
				CLANG_WARN_INFINITE_RECURSION = YES;
				CLANG_WARN_INT_CONVERSION = YES;
				CLANG_WARN_NON_LITERAL_NULL_CONVERSION = YES;
				CLANG_WARN_OBJC_IMPLICIT_RETAIN_SELF = YES;
				CLANG_WARN_OBJC_LITERAL_CONVERSION = YES;
				CLANG_WARN_OBJC_ROOT_CLASS = YES_ERROR;
				CLANG_WARN_RANGE_LOOP_ANALYSIS = YES;
				CLANG_WARN_STRICT_PROTOTYPES = YES;
				CLANG_WARN_SUSPICIOUS_MOVE = YES;
				CLANG_WARN_UNGUARDED_AVAILABILITY = YES_AGGRESSIVE;
				CLANG_WARN_UNREACHABLE_CODE = YES;
				CLANG_WARN__DUPLICATE_METHOD_MATCH = YES;
				CODE_SIGN_IDENTITY = "iPhone Developer";
				COPY_PHASE_STRIP = NO;
				DEBUG_INFORMATION_FORMAT = "dwarf-with-dsym";
				ENABLE_NS_ASSERTIONS = NO;
				ENABLE_STRICT_OBJC_MSGSEND = YES;
				GCC_C_LANGUAGE_STANDARD = gnu11;
				GCC_NO_COMMON_BLOCKS = YES;
				GCC_WARN_64_TO_32_BIT_CONVERSION = YES;
				GCC_WARN_ABOUT_RETURN_TYPE = YES_ERROR;
				GCC_WARN_UNDECLARED_SELECTOR = YES;
				GCC_WARN_UNINITIALIZED_AUTOS = YES_AGGRESSIVE;
				GCC_WARN_UNUSED_FUNCTION = YES;
				GCC_WARN_UNUSED_VARIABLE = YES;
				IPHONEOS_DEPLOYMENT_TARGET = 12.0;
				MTL_ENABLE_DEBUG_INFO = NO;
				SDKROOT = iphoneos;
				SWIFT_COMPILATION_MODE = wholemodule;
				SWIFT_OPTIMIZATION_LEVEL = "-O";
				VALIDATE_PRODUCT = YES;
			};
			name = Release;
		};
		ACD2EE1F20F5AFA60051E931 /* Debug */ = {
			isa = XCBuildConfiguration;
			buildSettings = {
				ASSETCATALOG_COMPILER_APPICON_NAME = AppIcon;
				CODE_SIGN_STYLE = Automatic;
				DEVELOPMENT_TEAM = U3FSDK5XFF;
				INFOPLIST_FILE = certprep/Info.plist;
				LD_RUNPATH_SEARCH_PATHS = (
					"$(inherited)",
					"@executable_path/Frameworks",
				);
				PRODUCT_BUNDLE_IDENTIFIER = com.aligorithm.certprep;
				PRODUCT_NAME = "$(TARGET_NAME)";
				SWIFT_VERSION = 4.2;
				TARGETED_DEVICE_FAMILY = "1,2";
			};
			name = Debug;
		};
		ACD2EE2020F5AFA60051E931 /* Release */ = {
			isa = XCBuildConfiguration;
			buildSettings = {
				ASSETCATALOG_COMPILER_APPICON_NAME = AppIcon;
				CODE_SIGN_STYLE = Automatic;
				DEVELOPMENT_TEAM = U3FSDK5XFF;
				INFOPLIST_FILE = certprep/Info.plist;
				LD_RUNPATH_SEARCH_PATHS = (
					"$(inherited)",
					"@executable_path/Frameworks",
				);
				PRODUCT_BUNDLE_IDENTIFIER = com.aligorithm.certprep;
				PRODUCT_NAME = "$(TARGET_NAME)";
				SWIFT_VERSION = 4.2;
				TARGETED_DEVICE_FAMILY = "1,2";
			};
			name = Release;
		};
		ACD2EE2220F5AFA60051E931 /* Debug */ = {
			isa = XCBuildConfiguration;
			buildSettings = {
				ALWAYS_EMBED_SWIFT_STANDARD_LIBRARIES = YES;
				BUNDLE_LOADER = "$(TEST_HOST)";
				CODE_SIGN_STYLE = Automatic;
				DEVELOPMENT_TEAM = U3FSDK5XFF;
				INFOPLIST_FILE = certprepTests/Info.plist;
				LD_RUNPATH_SEARCH_PATHS = (
					"$(inherited)",
					"@executable_path/Frameworks",
					"@loader_path/Frameworks",
				);
				PRODUCT_BUNDLE_IDENTIFIER = com.aligorithm.certprepTests;
				PRODUCT_NAME = "$(TARGET_NAME)";
				SWIFT_VERSION = 4.2;
				TARGETED_DEVICE_FAMILY = "1,2";
				TEST_HOST = "$(BUILT_PRODUCTS_DIR)/certprep.app/certprep";
			};
			name = Debug;
		};
		ACD2EE2320F5AFA60051E931 /* Release */ = {
			isa = XCBuildConfiguration;
			buildSettings = {
				ALWAYS_EMBED_SWIFT_STANDARD_LIBRARIES = YES;
				BUNDLE_LOADER = "$(TEST_HOST)";
				CODE_SIGN_STYLE = Automatic;
				DEVELOPMENT_TEAM = U3FSDK5XFF;
				INFOPLIST_FILE = certprepTests/Info.plist;
				LD_RUNPATH_SEARCH_PATHS = (
					"$(inherited)",
					"@executable_path/Frameworks",
					"@loader_path/Frameworks",
				);
				PRODUCT_BUNDLE_IDENTIFIER = com.aligorithm.certprepTests;
				PRODUCT_NAME = "$(TARGET_NAME)";
				SWIFT_VERSION = 4.2;
				TARGETED_DEVICE_FAMILY = "1,2";
				TEST_HOST = "$(BUILT_PRODUCTS_DIR)/certprep.app/certprep";
			};
			name = Release;
		};
/* End XCBuildConfiguration section */

/* Begin XCConfigurationList section */
		ACD2EDFC20F5AFA40051E931 /* Build configuration list for PBXProject "certprep" */ = {
			isa = XCConfigurationList;
			buildConfigurations = (
				ACD2EE1C20F5AFA60051E931 /* Debug */,
				ACD2EE1D20F5AFA60051E931 /* Release */,
			);
			defaultConfigurationIsVisible = 0;
			defaultConfigurationName = Release;
		};
		ACD2EE1E20F5AFA60051E931 /* Build configuration list for PBXNativeTarget "certprep" */ = {
			isa = XCConfigurationList;
			buildConfigurations = (
				ACD2EE1F20F5AFA60051E931 /* Debug */,
				ACD2EE2020F5AFA60051E931 /* Release */,
			);
			defaultConfigurationIsVisible = 0;
			defaultConfigurationName = Release;
		};
		ACD2EE2120F5AFA60051E931 /* Build configuration list for PBXNativeTarget "certprepTests" */ = {
			isa = XCConfigurationList;
			buildConfigurations = (
				ACD2EE2220F5AFA60051E931 /* Debug */,
				ACD2EE2320F5AFA60051E931 /* Release */,
			);
			defaultConfigurationIsVisible = 0;
			defaultConfigurationName = Release;
		};
/* End XCConfigurationList section */
	};
	rootObject = ACD2EDF920F5AFA40051E931 /* Project object */;
}
